
Microsoft Visual Studio Solution File, Format Version 12.00
# Visual Studio 14
VisualStudioVersion = 14.0.25420.1
MinimumVisualStudioVersion = 10.0.40219.1
Project("{FAE04EC0-301F-11D3-BF4B-00C04F79EFBC}") = "TestMVC1", "TestMVC1\TestMVC1.csproj", "{22BEE050-A087-456A-866A-1B062C0EF875}"
EndProject
Project("{FAE04EC0-301F-11D3-BF4B-00C04F79EFBC}") = "TestMVC1.Tests", "TestMVC1.Tests\TestMVC1.Tests.csproj", "{67393E42-ADD3-4AA4-A4FE-01391254AFCC}"
EndProject
Global
	GlobalSection(SolutionConfigurationPlatforms) = preSolution
		Debug|Any CPU = Debug|Any CPU
		Release|Any CPU = Release|Any CPU
	EndGlobalSection
	GlobalSection(ProjectConfigurationPlatforms) = postSolution
		{22BEE050-A087-456A-866A-1B062C0EF875}.Debug|Any CPU.ActiveCfg = Debug|Any CPU
		{22BEE050-A087-456A-866A-1B062C0EF875}.Debug|Any CPU.Build.0 = Debug|Any CPU
		{22BEE050-A087-456A-866A-1B062C0EF875}.Release|Any CPU.ActiveCfg = Release|Any CPU
		{22BEE050-A087-456A-866A-1B062C0EF875}.Release|Any CPU.Build.0 = Release|Any CPU
		{67393E42-ADD3-4AA4-A4FE-01391254AFCC}.Debug|Any CPU.ActiveCfg = Debug|Any CPU
		{67393E42-ADD3-4AA4-A4FE-01391254AFCC}.Debug|Any CPU.Build.0 = Debug|Any CPU
		{67393E42-ADD3-4AA4-A4FE-01391254AFCC}.Release|Any CPU.ActiveCfg = Release|Any CPU
		{67393E42-ADD3-4AA4-A4FE-01391254AFCC}.Release|Any CPU.Build.0 = Release|Any CPU
	EndGlobalSection
	GlobalSection(SolutionProperties) = preSolution
		HideSolutionNode = FALSE
	EndGlobalSection
EndGlobal
